
Microsoft Visual Studio Solution File, Format Version 12.00
# Visual Studio Version 17
VisualStudioVersion = 17.10.34928.147
MinimumVisualStudioVersion = 10.0.40219.1
Project("{FAE04EC0-301F-11D3-BF4B-00C04F79EFBC}") = "ResearchRecordsAPI", "ResearchRecordsAPI\ResearchRecordsAPI.csproj", "{58CFE96C-4EB1-4EBF-AEBD-12DE13658131}"
EndProject
Global
	GlobalSection(SolutionConfigurationPlatforms) = preSolution
		Debug|Any CPU = Debug|Any CPU
		Release|Any CPU = Release|Any CPU
	EndGlobalSection
	GlobalSection(ProjectConfigurationPlatforms) = postSolution
		{58CFE96C-4EB1-4EBF-AEBD-12DE13658131}.Debug|Any CPU.ActiveCfg = Debug|Any CPU
		{58CFE96C-4EB1-4EBF-AEBD-12DE13658131}.Debug|Any CPU.Build.0 = Debug|Any CPU
		{58CFE96C-4EB1-4EBF-AEBD-12DE13658131}.Release|Any CPU.ActiveCfg = Release|Any CPU
		{58CFE96C-4EB1-4EBF-AEBD-12DE13658131}.Release|Any CPU.Build.0 = Release|Any CPU
	EndGlobalSection
	GlobalSection(SolutionProperties) = preSolution
		HideSolutionNode = FALSE
	EndGlobalSection
	GlobalSection(ExtensibilityGlobals) = postSolution
		SolutionGuid = {A62C4B64-6162-4584-8BD9-BDE96A983A54}
	EndGlobalSection
EndGlobal
